
Microsoft Visual Studio Solution File, Format Version 12.00
# Visual Studio Version 17
VisualStudioVersion = 17.12.35527.113
MinimumVisualStudioVersion = 10.0.40219.1
Project("{FAE04EC0-301F-11D3-BF4B-00C04F79EFBC}") = "Flyby11", "Flyby11\Flyby11.csproj", "{503AF34B-7544-4C43-A099-2B948C3FF49A}"
EndProject
Project("{8BC9CEB8-8B4A-11D0-8D11-00A0C91BC942}") = "CpuCheckNative", "CpuCheckNative\CpuCheckNative.vcxproj", "{A2038E07-E21F-4B05-B811-3052A2B014BC}"
EndProject
Global
	GlobalSection(SolutionConfigurationPlatforms) = preSolution
		Debug|Any CPU = Debug|Any CPU
		Debug|x64 = Debug|x64
		Debug|x86 = Debug|x86
		Release|Any CPU = Release|Any CPU
		Release|x64 = Release|x64
		Release|x86 = Release|x86
	EndGlobalSection
	GlobalSection(ProjectConfigurationPlatforms) = postSolution
		{503AF34B-7544-4C43-A099-2B948C3FF49A}.Debug|Any CPU.ActiveCfg = Debug|Any CPU
		{503AF34B-7544-4C43-A099-2B948C3FF49A}.Debug|Any CPU.Build.0 = Debug|Any CPU
		{503AF34B-7544-4C43-A099-2B948C3FF49A}.Debug|x64.ActiveCfg = Debug|Any CPU
		{503AF34B-7544-4C43-A099-2B948C3FF49A}.Debug|x64.Build.0 = Debug|Any CPU
		{503AF34B-7544-4C43-A099-2B948C3FF49A}.Debug|x86.ActiveCfg = Debug|Any CPU
		{503AF34B-7544-4C43-A099-2B948C3FF49A}.Debug|x86.Build.0 = Debug|Any CPU
		{503AF34B-7544-4C43-A099-2B948C3FF49A}.Release|Any CPU.ActiveCfg = Release|Any CPU
		{503AF34B-7544-4C43-A099-2B948C3FF49A}.Release|Any CPU.Build.0 = Release|Any CPU
		{503AF34B-7544-4C43-A099-2B948C3FF49A}.Release|x64.ActiveCfg = Release|Any CPU
		{503AF34B-7544-4C43-A099-2B948C3FF49A}.Release|x64.Build.0 = Release|Any CPU
		{503AF34B-7544-4C43-A099-2B948C3FF49A}.Release|x86.ActiveCfg = Release|Any CPU
		{503AF34B-7544-4C43-A099-2B948C3FF49A}.Release|x86.Build.0 = Release|Any CPU
		{A2038E07-E21F-4B05-B811-3052A2B014BC}.Debug|Any CPU.ActiveCfg = Debug|x64
		{A2038E07-E21F-4B05-B811-3052A2B014BC}.Debug|Any CPU.Build.0 = Debug|x64
		{A2038E07-E21F-4B05-B811-3052A2B014BC}.Debug|x64.ActiveCfg = Debug|x64
		{A2038E07-E21F-4B05-B811-3052A2B014BC}.Debug|x64.Build.0 = Debug|x64
		{A2038E07-E21F-4B05-B811-3052A2B014BC}.Debug|x86.ActiveCfg = Debug|Win32
		{A2038E07-E21F-4B05-B811-3052A2B014BC}.Debug|x86.Build.0 = Debug|Win32
		{A2038E07-E21F-4B05-B811-3052A2B014BC}.Release|Any CPU.ActiveCfg = Release|x64
		{A2038E07-E21F-4B05-B811-3052A2B014BC}.Release|Any CPU.Build.0 = Release|x64
		{A2038E07-E21F-4B05-B811-3052A2B014BC}.Release|x64.ActiveCfg = Release|x64
		{A2038E07-E21F-4B05-B811-3052A2B014BC}.Release|x64.Build.0 = Release|x64
		{A2038E07-E21F-4B05-B811-3052A2B014BC}.Release|x86.ActiveCfg = Release|Win32
		{A2038E07-E21F-4B05-B811-3052A2B014BC}.Release|x86.Build.0 = Release|Win32
	EndGlobalSection
	GlobalSection(SolutionProperties) = preSolution
		HideSolutionNode = FALSE
	EndGlobalSection
EndGlobal
